
Microsoft Visual Studio Solution File, Format Version 12.00
Project("{FAE04EC0-301F-11D3-BF4B-00C04F79EFBC}") = "SlsDemo", "SlsDemo\SlsDemo.csproj", "{9073AA58-9C00-410A-8A7E-CBD427F0FDE5}"
EndProject
Global
	GlobalSection(SolutionConfigurationPlatforms) = preSolution
		Debug|Any CPU = Debug|Any CPU
		Release|Any CPU = Release|Any CPU
	EndGlobalSection
	GlobalSection(ProjectConfigurationPlatforms) = postSolution
		{9073AA58-9C00-410A-8A7E-CBD427F0FDE5}.Debug|Any CPU.ActiveCfg = Debug|Any CPU
		{9073AA58-9C00-410A-8A7E-CBD427F0FDE5}.Debug|Any CPU.Build.0 = Debug|Any CPU
		{9073AA58-9C00-410A-8A7E-CBD427F0FDE5}.Release|Any CPU.ActiveCfg = Release|Any CPU
		{9073AA58-9C00-410A-8A7E-CBD427F0FDE5}.Release|Any CPU.Build.0 = Release|Any CPU
	EndGlobalSection
EndGlobal
